
Microsoft Visual Studio Solution File, Format Version 12.00
# Visual Studio Version 17
VisualStudioVersion = 17.0.31903.59
MinimumVisualStudioVersion = 10.0.40219.1
Project("{2150E333-8FDC-42A3-9474-1A3956D46DE8}") = "src", "src", "{827E0CD3-B72D-47B6-A68D-7590B98EB39B}"
EndProject
Project("{FAE04EC0-301F-11D3-BF4B-00C04F79EFBC}") = "ImageOptimizer.Core", "src\ImageOptimizer.Core\ImageOptimizer.Core.csproj", "{B5E22AA0-595E-4A4E-987D-E8618E70BFED}"
EndProject
Project("{FAE04EC0-301F-11D3-BF4B-00C04F79EFBC}") = "ImageOptimizer.App", "src\ImageOptimizer.App\ImageOptimizer.App.csproj", "{C508D940-E77A-4D6D-B509-DB07782594D4}"
EndProject
Project("{2150E333-8FDC-42A3-9474-1A3956D46DE8}") = "tests", "tests", "{0AB3BF05-4346-4AA6-1389-037BE0695223}"
EndProject
Project("{FAE04EC0-301F-11D3-BF4B-00C04F79EFBC}") = "ImageOptimizer.Core.Tests", "tests\ImageOptimizer.Core.Tests\ImageOptimizer.Core.Tests.csproj", "{408E8B18-3F65-460A-A9E3-896291176F6B}"
EndProject
Project("{FAE04EC0-301F-11D3-BF4B-00C04F79EFBC}") = "ImageOptimizer.App.Tests", "tests\ImageOptimizer.App.Tests\ImageOptimizer.App.Tests.csproj", "{181C82D1-7026-41D9-867D-4AF0A3C181E5}"
EndProject
Global
	GlobalSection(SolutionConfigurationPlatforms) = preSolution
		Debug|Any CPU = Debug|Any CPU
		Debug|x64 = Debug|x64
		Debug|x86 = Debug|x86
		Release|Any CPU = Release|Any CPU
		Release|x64 = Release|x64
		Release|x86 = Release|x86
	EndGlobalSection
	GlobalSection(ProjectConfigurationPlatforms) = postSolution
		{B5E22AA0-595E-4A4E-987D-E8618E70BFED}.Debug|Any CPU.ActiveCfg = Debug|Any CPU
		{B5E22AA0-595E-4A4E-987D-E8618E70BFED}.Debug|Any CPU.Build.0 = Debug|Any CPU
		{B5E22AA0-595E-4A4E-987D-E8618E70BFED}.Debug|x64.ActiveCfg = Debug|Any CPU
		{B5E22AA0-595E-4A4E-987D-E8618E70BFED}.Debug|x64.Build.0 = Debug|Any CPU
		{B5E22AA0-595E-4A4E-987D-E8618E70BFED}.Debug|x86.ActiveCfg = Debug|Any CPU
		{B5E22AA0-595E-4A4E-987D-E8618E70BFED}.Debug|x86.Build.0 = Debug|Any CPU
		{B5E22AA0-595E-4A4E-987D-E8618E70BFED}.Release|Any CPU.ActiveCfg = Release|Any CPU
		{B5E22AA0-595E-4A4E-987D-E8618E70BFED}.Release|Any CPU.Build.0 = Release|Any CPU
		{B5E22AA0-595E-4A4E-987D-E8618E70BFED}.Release|x64.ActiveCfg = Release|Any CPU
		{B5E22AA0-595E-4A4E-987D-E8618E70BFED}.Release|x64.Build.0 = Release|Any CPU
		{B5E22AA0-595E-4A4E-987D-E8618E70BFED}.Release|x86.ActiveCfg = Release|Any CPU
		{B5E22AA0-595E-4A4E-987D-E8618E70BFED}.Release|x86.Build.0 = Release|Any CPU
		{C508D940-E77A-4D6D-B509-DB07782594D4}.Debug|Any CPU.ActiveCfg = Debug|Any CPU
		{C508D940-E77A-4D6D-B509-DB07782594D4}.Debug|Any CPU.Build.0 = Debug|Any CPU
		{C508D940-E77A-4D6D-B509-DB07782594D4}.Debug|x64.ActiveCfg = Debug|Any CPU
		{C508D940-E77A-4D6D-B509-DB07782594D4}.Debug|x64.Build.0 = Debug|Any CPU
		{C508D940-E77A-4D6D-B509-DB07782594D4}.Debug|x86.ActiveCfg = Debug|Any CPU
		{C508D940-E77A-4D6D-B509-DB07782594D4}.Debug|x86.Build.0 = Debug|Any CPU
		{C508D940-E77A-4D6D-B509-DB07782594D4}.Release|Any CPU.ActiveCfg = Release|Any CPU
		{C508D940-E77A-4D6D-B509-DB07782594D4}.Release|Any CPU.Build.0 = Release|Any CPU
		{C508D940-E77A-4D6D-B509-DB07782594D4}.Release|x64.ActiveCfg = Release|Any CPU
		{C508D940-E77A-4D6D-B509-DB07782594D4}.Release|x64.Build.0 = Release|Any CPU
		{C508D940-E77A-4D6D-B509-DB07782594D4}.Release|x86.ActiveCfg = Release|Any CPU
		{C508D940-E77A-4D6D-B509-DB07782594D4}.Release|x86.Build.0 = Release|Any CPU
		{408E8B18-3F65-460A-A9E3-896291176F6B}.Debug|Any CPU.ActiveCfg = Debug|Any CPU
		{408E8B18-3F65-460A-A9E3-896291176F6B}.Debug|Any CPU.Build.0 = Debug|Any CPU
		{408E8B18-3F65-460A-A9E3-896291176F6B}.Debug|x64.ActiveCfg = Debug|Any CPU
		{408E8B18-3F65-460A-A9E3-896291176F6B}.Debug|x64.Build.0 = Debug|Any CPU
		{408E8B18-3F65-460A-A9E3-896291176F6B}.Debug|x86.ActiveCfg = Debug|Any CPU
		{408E8B18-3F65-460A-A9E3-896291176F6B}.Debug|x86.Build.0 = Debug|Any CPU
		{408E8B18-3F65-460A-A9E3-896291176F6B}.Release|Any CPU.ActiveCfg = Release|Any CPU
		{408E8B18-3F65-460A-A9E3-896291176F6B}.Release|Any CPU.Build.0 = Release|Any CPU
		{408E8B18-3F65-460A-A9E3-896291176F6B}.Release|x64.ActiveCfg = Release|Any CPU
		{408E8B18-3F65-460A-A9E3-896291176F6B}.Release|x64.Build.0 = Release|Any CPU
		{408E8B18-3F65-460A-A9E3-896291176F6B}.Release|x86.ActiveCfg = Release|Any CPU
		{408E8B18-3F65-460A-A9E3-896291176F6B}.Release|x86.Build.0 = Release|Any CPU
		{181C82D1-7026-41D9-867D-4AF0A3C181E5}.Debug|Any CPU.ActiveCfg = Debug|Any CPU
		{181C82D1-7026-41D9-867D-4AF0A3C181E5}.Debug|Any CPU.Build.0 = Debug|Any CPU
		{181C82D1-7026-41D9-867D-4AF0A3C181E5}.Debug|x64.ActiveCfg = Debug|Any CPU
		{181C82D1-7026-41D9-867D-4AF0A3C181E5}.Debug|x64.Build.0 = Debug|Any CPU
		{181C82D1-7026-41D9-867D-4AF0A3C181E5}.Debug|x86.ActiveCfg = Debug|Any CPU
		{181C82D1-7026-41D9-867D-4AF0A3C181E5}.Debug|x86.Build.0 = Debug|Any CPU
		{181C82D1-7026-41D9-867D-4AF0A3C181E5}.Release|Any CPU.ActiveCfg = Release|Any CPU
		{181C82D1-7026-41D9-867D-4AF0A3C181E5}.Release|Any CPU.Build.0 = Release|Any CPU
		{181C82D1-7026-41D9-867D-4AF0A3C181E5}.Release|x64.ActiveCfg = Release|Any CPU
		{181C82D1-7026-41D9-867D-4AF0A3C181E5}.Release|x64.Build.0 = Release|Any CPU
		{181C82D1-7026-41D9-867D-4AF0A3C181E5}.Release|x86.ActiveCfg = Release|Any CPU
		{181C82D1-7026-41D9-867D-4AF0A3C181E5}.Release|x86.Build.0 = Release|Any CPU
	EndGlobalSection
	GlobalSection(SolutionProperties) = preSolution
		HideSolutionNode = FALSE
	EndGlobalSection
	GlobalSection(NestedProjects) = preSolution
		{B5E22AA0-595E-4A4E-987D-E8618E70BFED} = {827E0CD3-B72D-47B6-A68D-7590B98EB39B}
		{C508D940-E77A-4D6D-B509-DB07782594D4} = {827E0CD3-B72D-47B6-A68D-7590B98EB39B}
		{408E8B18-3F65-460A-A9E3-896291176F6B} = {0AB3BF05-4346-4AA6-1389-037BE0695223}
		{181C82D1-7026-41D9-867D-4AF0A3C181E5} = {0AB3BF05-4346-4AA6-1389-037BE0695223}
	EndGlobalSection
EndGlobal
